// !$*UTF8*$!
{
	archiveVersion = 1;
	classes = {
	};
	objectVersion = 46;
	objects = {

/* Begin PBXBuildFile section */
		9B9098411B25F9ED00C70BA6 /* AppDelegate.swift in Sources */ = {isa = PBXBuildFile; fileRef = 9B9098401B25F9ED00C70BA6 /* AppDelegate.swift */; };
		9B9098431B25F9ED00C70BA6 /* ViewController.swift in Sources */ = {isa = PBXBuildFile; fileRef = 9B9098421B25F9ED00C70BA6 /* ViewController.swift */; };
		9B9098461B25F9ED00C70BA6 /* Main.storyboard in Resources */ = {isa = PBXBuildFile; fileRef = 9B9098441B25F9ED00C70BA6 /* Main.storyboard */; };
		9B9098481B25F9ED00C70BA6 /* Images.xcassets in Resources */ = {isa = PBXBuildFile; fileRef = 9B9098471B25F9ED00C70BA6 /* Images.xcassets */; };
		9B90984B1B25F9ED00C70BA6 /* LaunchScreen.xib in Resources */ = {isa = PBXBuildFile; fileRef = 9B9098491B25F9ED00C70BA6 /* LaunchScreen.xib */; };
		9B9098571B25F9EE00C70BA6 /* MyCatTranslatorTests.swift in Sources */ = {isa = PBXBuildFile; fileRef = 9B9098561B25F9EE00C70BA6 /* MyCatTranslatorTests.swift */; };
/* End PBXBuildFile section */

/* Begin PBXContainerItemProxy section */
		9B9098511B25F9ED00C70BA6 /* PBXContainerItemProxy */ = {
			isa = PBXContainerItemProxy;
			containerPortal = 9B9098331B25F9ED00C70BA6 /* Project object */;
			proxyType = 1;
			remoteGlobalIDString = 9B90983A1B25F9ED00C70BA6;
			remoteInfo = MyCatTranslator;
		};
/* End PBXContainerItemProxy section */

/* Begin PBXFileReference section */
		9B90983B1B25F9ED00C70BA6 /* MyCatTranslator.app */ = {isa = PBXFileReference; explicitFileType = wrapper.application; includeInIndex = 0; path = MyCatTranslator.app; sourceTree = BUILT_PRODUCTS_DIR; };
		9B90983F1B25F9ED00C70BA6 /* Info.plist */ = {isa = PBXFileReference; lastKnownFileType = text.plist.xml; path = Info.plist; sourceTree = "<group>"; };
		9B9098401B25F9ED00C70BA6 /* AppDelegate.swift */ = {isa = PBXFileReference; lastKnownFileType = sourcecode.swift; path = AppDelegate.swift; sourceTree = "<group>"; };
		9B9098421B25F9ED00C70BA6 /* ViewController.swift */ = {isa = PBXFileReference; lastKnownFileType = sourcecode.swift; path = ViewController.swift; sourceTree = "<group>"; };
		9B9098451B25F9ED00C70BA6 /* Base */ = {isa = PBXFileReference; lastKnownFileType = file.storyboard; name = Base; path = Base.lproj/Main.storyboard; sourceTree = "<group>"; };
		9B9098471B25F9ED00C70BA6 /* Images.xcassets */ = {isa = PBXFileReference; lastKnownFileType = folder.assetcatalog; path = Images.xcassets; sourceTree = "<group>"; };
		9B90984A1B25F9ED00C70BA6 /* Base */ = {isa = PBXFileReference; lastKnownFileType = file.xib; name = Base; path = Base.lproj/LaunchScreen.xib; sourceTree = "<group>"; };
		9B9098501B25F9ED00C70BA6 /* MyCatTranslatorTests.xctest */ = {isa = PBXFileReference; explicitFileType = wrapper.cfbundle; includeInIndex = 0; path = MyCatTranslatorTests.xctest; sourceTree = BUILT_PRODUCTS_DIR; };
		9B9098551B25F9EE00C70BA6 /* Info.plist */ = {isa = PBXFileReference; lastKnownFileType = text.plist.xml; path = Info.plist; sourceTree = "<group>"; };
		9B9098561B25F9EE00C70BA6 /* MyCatTranslatorTests.swift */ = {isa = PBXFileReference; lastKnownFileType = sourcecode.swift; path = MyCatTranslatorTests.swift; sourceTree = "<group>"; };
/* End PBXFileReference section */

/* Begin PBXFrameworksBuildPhase section */
		9B9098381B25F9ED00C70BA6 /* Frameworks */ = {
			isa = PBXFrameworksBuildPhase;
			buildActionMask = 2147483647;
			files = (
			);
			runOnlyForDeploymentPostprocessing = 0;
		};
		9B90984D1B25F9ED00C70BA6 /* Frameworks */ = {
			isa = PBXFrameworksBuildPhase;
			buildActionMask = 2147483647;
			files = (
			);
			runOnlyForDeploymentPostprocessing = 0;
		};
/* End PBXFrameworksBuildPhase section */

/* Begin PBXGroup section */
		9B9098321B25F9ED00C70BA6 = {
			isa = PBXGroup;
			children = (
				9B90983D1B25F9ED00C70BA6 /* MyCatTranslator */,
				9B9098531B25F9ED00C70BA6 /* MyCatTranslatorTests */,
				9B90983C1B25F9ED00C70BA6 /* Products */,
			);
			sourceTree = "<group>";
		};
		9B90983C1B25F9ED00C70BA6 /* Products */ = {
			isa = PBXGroup;
			children = (
				9B90983B1B25F9ED00C70BA6 /* MyCatTranslator.app */,
				9B9098501B25F9ED00C70BA6 /* MyCatTranslatorTests.xctest */,
			);
			name = Products;
			sourceTree = "<group>";
		};
		9B90983D1B25F9ED00C70BA6 /* MyCatTranslator */ = {
			isa = PBXGroup;
			children = (
				9B9098401B25F9ED00C70BA6 /* AppDelegate.swift */,
				9B9098421B25F9ED00C70BA6 /* ViewController.swift */,
				9B9098441B25F9ED00C70BA6 /* Main.storyboard */,
				9B9098471B25F9ED00C70BA6 /* Images.xcassets */,
				9B9098491B25F9ED00C70BA6 /* LaunchScreen.xib */,
				9B90983E1B25F9ED00C70BA6 /* Supporting Files */,
			);
			path = MyCatTranslator;
			sourceTree = "<group>";
		};
		9B90983E1B25F9ED00C70BA6 /* Supporting Files */ = {
			isa = PBXGroup;
			children = (
				9B90983F1B25F9ED00C70BA6 /* Info.plist */,
			);
			name = "Supporting Files";
			sourceTree = "<group>";
		};
		9B9098531B25F9ED00C70BA6 /* MyCatTranslatorTests */ = {
			isa = PBXGroup;
			children = (
				9B9098561B25F9EE00C70BA6 /* MyCatTranslatorTests.swift */,
				9B9098541B25F9EE00C70BA6 /* Supporting Files */,
			);
			path = MyCatTranslatorTests;
			sourceTree = "<group>";
		};
		9B9098541B25F9EE00C70BA6 /* Supporting Files */ = {
			isa = PBXGroup;
			children = (
				9B9098551B25F9EE00C70BA6 /* Info.plist */,
			);
			name = "Supporting Files";
			sourceTree = "<group>";
		};
/* End PBXGroup section */

/* Begin PBXNativeTarget section */
		9B90983A1B25F9ED00C70BA6 /* MyCatTranslator */ = {
			isa = PBXNativeTarget;
			buildConfigurationList = 9B90985A1B25F9EE00C70BA6 /* Build configuration list for PBXNativeTarget "MyCatTranslator" */;
			buildPhases = (
				9B9098371B25F9ED00C70BA6 /* Sources */,
				9B9098381B25F9ED00C70BA6 /* Frameworks */,
				9B9098391B25F9ED00C70BA6 /* Resources */,
			);
			buildRules = (
			);
			dependencies = (
			);
			name = MyCatTranslator;
			productName = MyCatTranslator;
			productReference = 9B90983B1B25F9ED00C70BA6 /* MyCatTranslator.app */;
			productType = "com.apple.product-type.application";
		};
		9B90984F1B25F9ED00C70BA6 /* MyCatTranslatorTests */ = {
			isa = PBXNativeTarget;
			buildConfigurationList = 9B90985D1B25F9EE00C70BA6 /* Build configuration list for PBXNativeTarget "MyCatTranslatorTests" */;
			buildPhases = (
				9B90984C1B25F9ED00C70BA6 /* Sources */,
				9B90984D1B25F9ED00C70BA6 /* Frameworks */,
				9B90984E1B25F9ED00C70BA6 /* Resources */,
			);
			buildRules = (
			);
			dependencies = (
				9B9098521B25F9ED00C70BA6 /* PBXTargetDependency */,
			);
			name = MyCatTranslatorTests;
			productName = MyCatTranslatorTests;
			productReference = 9B9098501B25F9ED00C70BA6 /* MyCatTranslatorTests.xctest */;
			productType = "com.apple.product-type.bundle.unit-test";
		};
/* End PBXNativeTarget section */

/* Begin PBXProject section */
		9B9098331B25F9ED00C70BA6 /* Project object */ = {
			isa = PBXProject;
			attributes = {
				LastUpgradeCheck = 0630;
				ORGANIZATIONNAME = Lee;
				TargetAttributes = {
					9B90983A1B25F9ED00C70BA6 = {
						CreatedOnToolsVersion = 6.3.1;
					};
					9B90984F1B25F9ED00C70BA6 = {
						CreatedOnToolsVersion = 6.3.1;
						TestTargetID = 9B90983A1B25F9ED00C70BA6;
					};
				};
			};
			buildConfigurationList = 9B9098361B25F9ED00C70BA6 /* Build configuration list for PBXProject "MyCatTranslator" */;
			compatibilityVersion = "Xcode 3.2";
			developmentRegion = English;
			hasScannedForEncodings = 0;
			knownRegions = (
				en,
				Base,
			);
			mainGroup = 9B9098321B25F9ED00C70BA6;
			productRefGroup = 9B90983C1B25F9ED00C70BA6 /* Products */;
			projectDirPath = "";
			projectRoot = "";
			targets = (
				9B90983A1B25F9ED00C70BA6 /* MyCatTranslator */,
				9B90984F1B25F9ED00C70BA6 /* MyCatTranslatorTests */,
			);
		};
/* End PBXProject section */

/* Begin PBXResourcesBuildPhase section */
		9B9098391B25F9ED00C70BA6 /* Resources */ = {
			isa = PBXResourcesBuildPhase;
			buildActionMask = 2147483647;
			files = (
				9B9098461B25F9ED00C70BA6 /* Main.storyboard in Resources */,
				9B90984B1B25F9ED00C70BA6 /* LaunchScreen.xib in Resources */,
				9B9098481B25F9ED00C70BA6 /* Images.xcassets in Resources */,
			);
			runOnlyForDeploymentPostprocessing = 0;
		};
		9B90984E1B25F9ED00C70BA6 /* Resources */ = {
			isa = PBXResourcesBuildPhase;
			buildActionMask = 2147483647;
			files = (
			);
			runOnlyForDeploymentPostprocessing = 0;
		};
/* End PBXResourcesBuildPhase section */

/* Begin PBXSourcesBuildPhase section */
		9B9098371B25F9ED00C70BA6 /* Sources */ = {
			isa = PBXSourcesBuildPhase;
			buildActionMask = 2147483647;
			files = (
				9B9098431B25F9ED00C70BA6 /* ViewController.swift in Sources */,
				9B9098411B25F9ED00C70BA6 /* AppDelegate.swift in Sources */,
			);
			runOnlyForDeploymentPostprocessing = 0;
		};
		9B90984C1B25F9ED00C70BA6 /* Sources */ = {
			isa = PBXSourcesBuildPhase;
			buildActionMask = 2147483647;
			files = (
				9B9098571B25F9EE00C70BA6 /* MyCatTranslatorTests.swift in Sources */,
			);
			runOnlyForDeploymentPostprocessing = 0;
		};
/* End PBXSourcesBuildPhase section */

/* Begin PBXTargetDependency section */
		9B9098521B25F9ED00C70BA6 /* PBXTargetDependency */ = {
			isa = PBXTargetDependency;
			target = 9B90983A1B25F9ED00C70BA6 /* MyCatTranslator */;
			targetProxy = 9B9098511B25F9ED00C70BA6 /* PBXContainerItemProxy */;
		};
/* End PBXTargetDependency section */

/* Begin PBXVariantGroup section */
		9B9098441B25F9ED00C70BA6 /* Main.storyboard */ = {
			isa = PBXVariantGroup;
			children = (
				9B9098451B25F9ED00C70BA6 /* Base */,
			);
			name = Main.storyboard;
			sourceTree = "<group>";
		};
		9B9098491B25F9ED00C70BA6 /* LaunchScreen.xib */ = {
			isa = PBXVariantGroup;
			children = (
				9B90984A1B25F9ED00C70BA6 /* Base */,
			);
			name = LaunchScreen.xib;
			sourceTree = "<group>";
		};
/* End PBXVariantGroup section */

/* Begin XCBuildConfiguration section */
		9B9098581B25F9EE00C70BA6 /* Debug */ = {
			isa = XCBuildConfiguration;
			buildSettings = {
				ALWAYS_SEARCH_USER_PATHS = NO;
				CLANG_CXX_LANGUAGE_STANDARD = "gnu++0x";
				CLANG_CXX_LIBRARY = "libc++";
				CLANG_ENABLE_MODULES = YES;
				CLANG_ENABLE_OBJC_ARC = YES;
				CLANG_WARN_BOOL_CONVERSION = YES;
				CLANG_WARN_CONSTANT_CONVERSION = YES;
				CLANG_WARN_DIRECT_OBJC_ISA_USAGE = YES_ERROR;
				CLANG_WARN_EMPTY_BODY = YES;
				CLANG_WARN_ENUM_CONVERSION = YES;
				CLANG_WARN_INT_CONVERSION = YES;
				CLANG_WARN_OBJC_ROOT_CLASS = YES_ERROR;
				CLANG_WARN_UNREACHABLE_CODE = YES;
				CLANG_WARN__DUPLICATE_METHOD_MATCH = YES;
				"CODE_SIGN_IDENTITY[sdk=iphoneos*]" = "iPhone Developer";
				COPY_PHASE_STRIP = NO;
				DEBUG_INFORMATION_FORMAT = "dwarf-with-dsym";
				ENABLE_STRICT_OBJC_MSGSEND = YES;
				GCC_C_LANGUAGE_STANDARD = gnu99;
				GCC_DYNAMIC_NO_PIC = NO;
				GCC_NO_COMMON_BLOCKS = YES;
				GCC_OPTIMIZATION_LEVEL = 0;
				GCC_PREPROCESSOR_DEFINITIONS = (
					"DEBUG=1",
					"$(inherited)",
				);
				GCC_SYMBOLS_PRIVATE_EXTERN = NO;
				GCC_WARN_64_TO_32_BIT_CONVERSION = YES;
				GCC_WARN_ABOUT_RETURN_TYPE = YES_ERROR;
				GCC_WARN_UNDECLARED_SELECTOR = YES;
				GCC_WARN_UNINITIALIZED_AUTOS = YES_AGGRESSIVE;
				GCC_WARN_UNUSED_FUNCTION = YES;
				GCC_WARN_UNUSED_VARIABLE = YES;
				IPHONEOS_DEPLOYMENT_TARGET = 8.3;
				MTL_ENABLE_DEBUG_INFO = YES;
				ONLY_ACTIVE_ARCH = YES;
				SDKROOT = iphoneos;
				SWIFT_OPTIMIZATION_LEVEL = "-Onone";
			};
			name = Debug;
		};
		9B9098591B25F9EE00C70BA6 /* Release */ = {
			isa = XCBuildConfiguration;
			buildSettings = {
				ALWAYS_SEARCH_USER_PATHS = NO;
				CLANG_CXX_LANGUAGE_STANDARD = "gnu++0x";
				CLANG_CXX_LIBRARY = "libc++";
				CLANG_ENABLE_MODULES = YES;
				CLANG_ENABLE_OBJC_ARC = YES;
				CLANG_WARN_BOOL_CONVERSION = YES;
				CLANG_WARN_CONSTANT_CONVERSION = YES;
				CLANG_WARN_DIRECT_OBJC_ISA_USAGE = YES_ERROR;
				CLANG_WARN_EMPTY_BODY = YES;
				CLANG_WARN_ENUM_CONVERSION = YES;
				CLANG_WARN_INT_CONVERSION = YES;
				CLANG_WARN_OBJC_ROOT_CLASS = YES_ERROR;
				CLANG_WARN_UNREACHABLE_CODE = YES;
				CLANG_WARN__DUPLICATE_METHOD_MATCH = YES;
				"CODE_SIGN_IDENTITY[sdk=iphoneos*]" = "iPhone Developer";
				COPY_PHASE_STRIP = NO;
				DEBUG_INFORMATION_FORMAT = "dwarf-with-dsym";
				ENABLE_NS_ASSERTIONS = NO;
				ENABLE_STRICT_OBJC_MSGSEND = YES;
				GCC_C_LANGUAGE_STANDARD = gnu99;
				GCC_NO_COMMON_BLOCKS = YES;
				GCC_WARN_64_TO_32_BIT_CONVERSION = YES;
				GCC_WARN_ABOUT_RETURN_TYPE = YES_ERROR;
				GCC_WARN_UNDECLARED_SELECTOR = YES;
				GCC_WARN_UNINITIALIZED_AUTOS = YES_AGGRESSIVE;
				GCC_WARN_UNUSED_FUNCTION = YES;
				GCC_WARN_UNUSED_VARIABLE = YES;
				IPHONEOS_DEPLOYMENT_TARGET = 8.3;
				MTL_ENABLE_DEBUG_INFO = NO;
				SDKROOT = iphoneos;
				VALIDATE_PRODUCT = YES;
			};
			name = Release;
		};
		9B90985B1B25F9EE00C70BA6 /* Debug */ = {
			isa = XCBuildConfiguration;
			buildSettings = {
				ASSETCATALOG_COMPILER_APPICON_NAME = AppIcon;
				INFOPLIST_FILE = MyCatTranslator/Info.plist;
				LD_RUNPATH_SEARCH_PATHS = "$(inherited) @executable_path/Frameworks";
				PRODUCT_NAME = "$(TARGET_NAME)";
			};
			name = Debug;
		};
		9B90985C1B25F9EE00C70BA6 /* Release */ = {
			isa = XCBuildConfiguration;
			buildSettings = {
				ASSETCATALOG_COMPILER_APPICON_NAME = AppIcon;
				INFOPLIST_FILE = MyCatTranslator/Info.plist;
				LD_RUNPATH_SEARCH_PATHS = "$(inherited) @executable_path/Frameworks";
				PRODUCT_NAME = "$(TARGET_NAME)";
			};
			name = Release;
		};
		9B90985E1B25F9EE00C70BA6 /* Debug */ = {
			isa = XCBuildConfiguration;
			buildSettings = {
				BUNDLE_LOADER = "$(TEST_HOST)";
				FRAMEWORK_SEARCH_PATHS = (
					"$(SDKROOT)/Developer/Library/Frameworks",
					"$(inherited)",
				);
				GCC_PREPROCESSOR_DEFINITIONS = (
					"DEBUG=1",
					"$(inherited)",
				);
				INFOPLIST_FILE = MyCatTranslatorTests/Info.plist;
				LD_RUNPATH_SEARCH_PATHS = "$(inherited) @executable_path/Frameworks @loader_path/Frameworks";
				PRODUCT_NAME = "$(TARGET_NAME)";
				TEST_HOST = "$(BUILT_PRODUCTS_DIR)/MyCatTranslator.app/MyCatTranslator";
			};
			name = Debug;
		};
		9B90985F1B25F9EE00C70BA6 /* Release */ = {
			isa = XCBuildConfiguration;
			buildSettings = {
				BUNDLE_LOADER = "$(TEST_HOST)";
				FRAMEWORK_SEARCH_PATHS = (
					"$(SDKROOT)/Developer/Library/Frameworks",
					"$(inherited)",
				);
				INFOPLIST_FILE = MyCatTranslatorTests/Info.plist;
				LD_RUNPATH_SEARCH_PATHS = "$(inherited) @executable_path/Frameworks @loader_path/Frameworks";
				PRODUCT_NAME = "$(TARGET_NAME)";
				TEST_HOST = "$(BUILT_PRODUCTS_DIR)/MyCatTranslator.app/MyCatTranslator";
			};
			name = Release;
		};
/* End XCBuildConfiguration section */

/* Begin XCConfigurationList section */
		9B9098361B25F9ED00C70BA6 /* Build configuration list for PBXProject "MyCatTranslator" */ = {
			isa = XCConfigurationList;
			buildConfigurations = (
				9B9098581B25F9EE00C70BA6 /* Debug */,
				9B9098591B25F9EE00C70BA6 /* Release */,
			);
			defaultConfigurationIsVisible = 0;
			defaultConfigurationName = Release;
		};
		9B90985A1B25F9EE00C70BA6 /* Build configuration list for PBXNativeTarget "MyCatTranslator" */ = {
			isa = XCConfigurationList;
			buildConfigurations = (
				9B90985B1B25F9EE00C70BA6 /* Debug */,
				9B90985C1B25F9EE00C70BA6 /* Release */,
			);
			defaultConfigurationIsVisible = 0;
		};
		9B90985D1B25F9EE00C70BA6 /* Build configuration list for PBXNativeTarget "MyCatTranslatorTests" */ = {
			isa = XCConfigurationList;
			buildConfigurations = (
				9B90985E1B25F9EE00C70BA6 /* Debug */,
				9B90985F1B25F9EE00C70BA6 /* Release */,
			);
			defaultConfigurationIsVisible = 0;
		};
/* End XCConfigurationList section */
	};
	rootObject = 9B9098331B25F9ED00C70BA6 /* Project object */;
}
